// !$*UTF8*$!
{
	archiveVersion = 1;
	classes = {
	};
	objectVersion = 46;
	objects = {

/* Begin PBXBuildFile section */
		EC2029731CC8E73C002B931C /* main.m in Sources */ = {isa = PBXBuildFile; fileRef = EC2029721CC8E73C002B931C /* main.m */; };
		EC2029761CC8E73C002B931C /* AppDelegate.m in Sources */ = {isa = PBXBuildFile; fileRef = EC2029751CC8E73C002B931C /* AppDelegate.m */; };
		EC2029791CC8E73C002B931C /* ViewController.m in Sources */ = {isa = PBXBuildFile; fileRef = EC2029781CC8E73C002B931C /* ViewController.m */; };
		EC20297C1CC8E73C002B931C /* Main.storyboard in Resources */ = {isa = PBXBuildFile; fileRef = EC20297A1CC8E73C002B931C /* Main.storyboard */; };
		EC20297E1CC8E73C002B931C /* Assets.xcassets in Resources */ = {isa = PBXBuildFile; fileRef = EC20297D1CC8E73C002B931C /* Assets.xcassets */; };
		EC2029811CC8E73C002B931C /* LaunchScreen.storyboard in Resources */ = {isa = PBXBuildFile; fileRef = EC20297F1CC8E73C002B931C /* LaunchScreen.storyboard */; };
		EC20298C1CC8E73D002B931C /* JYPostTests.m in Sources */ = {isa = PBXBuildFile; fileRef = EC20298B1CC8E73D002B931C /* JYPostTests.m */; };
		EC2029971CC8E73D002B931C /* JYPostUITests.m in Sources */ = {isa = PBXBuildFile; fileRef = EC2029961CC8E73D002B931C /* JYPostUITests.m */; };
		EC2029D71CC8E7D6002B931C /* AFHTTPSessionManager.m in Sources */ = {isa = PBXBuildFile; fileRef = EC2029A71CC8E7D6002B931C /* AFHTTPSessionManager.m */; };
		EC2029D81CC8E7D6002B931C /* AFNetworkReachabilityManager.m in Sources */ = {isa = PBXBuildFile; fileRef = EC2029AA1CC8E7D6002B931C /* AFNetworkReachabilityManager.m */; };
		EC2029D91CC8E7D6002B931C /* AFSecurityPolicy.m in Sources */ = {isa = PBXBuildFile; fileRef = EC2029AC1CC8E7D6002B931C /* AFSecurityPolicy.m */; };
		EC2029DA1CC8E7D6002B931C /* AFURLRequestSerialization.m in Sources */ = {isa = PBXBuildFile; fileRef = EC2029AE1CC8E7D6002B931C /* AFURLRequestSerialization.m */; };
		EC2029DB1CC8E7D6002B931C /* AFURLResponseSerialization.m in Sources */ = {isa = PBXBuildFile; fileRef = EC2029B01CC8E7D6002B931C /* AFURLResponseSerialization.m */; };
		EC2029DC1CC8E7D6002B931C /* AFURLSessionManager.m in Sources */ = {isa = PBXBuildFile; fileRef = EC2029B21CC8E7D6002B931C /* AFURLSessionManager.m */; };
		EC2029DD1CC8E7D6002B931C /* LICENSE in Resources */ = {isa = PBXBuildFile; fileRef = EC2029B31CC8E7D6002B931C /* LICENSE */; };
		EC2029DE1CC8E7D6002B931C /* README.md in Sources */ = {isa = PBXBuildFile; fileRef = EC2029B41CC8E7D6002B931C /* README.md */; };
		EC2029DF1CC8E7D6002B931C /* AFAutoPurgingImageCache.m in Sources */ = {isa = PBXBuildFile; fileRef = EC2029B71CC8E7D6002B931C /* AFAutoPurgingImageCache.m */; };
		EC2029E01CC8E7D6002B931C /* AFImageDownloader.m in Sources */ = {isa = PBXBuildFile; fileRef = EC2029B91CC8E7D6002B931C /* AFImageDownloader.m */; };
		EC2029E11CC8E7D6002B931C /* AFNetworkActivityIndicatorManager.m in Sources */ = {isa = PBXBuildFile; fileRef = EC2029BB1CC8E7D6002B931C /* AFNetworkActivityIndicatorManager.m */; };
		EC2029E21CC8E7D6002B931C /* UIActivityIndicatorView+AFNetworking.m in Sources */ = {isa = PBXBuildFile; fileRef = EC2029BD1CC8E7D6002B931C /* UIActivityIndicatorView+AFNetworking.m */; };
		EC2029E31CC8E7D6002B931C /* UIButton+AFNetworking.m in Sources */ = {isa = PBXBuildFile; fileRef = EC2029BF1CC8E7D6002B931C /* UIButton+AFNetworking.m */; };
		EC2029E41CC8E7D6002B931C /* UIImageView+AFNetworking.m in Sources */ = {isa = PBXBuildFile; fileRef = EC2029C21CC8E7D6002B931C /* UIImageView+AFNetworking.m */; };
		EC2029E51CC8E7D6002B931C /* UIProgressView+AFNetworking.m in Sources */ = {isa = PBXBuildFile; fileRef = EC2029C51CC8E7D6002B931C /* UIProgressView+AFNetworking.m */; };
		EC2029E61CC8E7D6002B931C /* UIRefreshControl+AFNetworking.m in Sources */ = {isa = PBXBuildFile; fileRef = EC2029C71CC8E7D6002B931C /* UIRefreshControl+AFNetworking.m */; };
		EC2029E71CC8E7D6002B931C /* UIWebView+AFNetworking.m in Sources */ = {isa = PBXBuildFile; fileRef = EC2029C91CC8E7D6002B931C /* UIWebView+AFNetworking.m */; };
		EC2029E81CC8E7D6002B931C /* MBProgressHUD.bundle in Resources */ = {isa = PBXBuildFile; fileRef = EC2029CB1CC8E7D6002B931C /* MBProgressHUD.bundle */; };
		EC2029E91CC8E7D6002B931C /* MBProgressHUD.m in Sources */ = {isa = PBXBuildFile; fileRef = EC2029CD1CC8E7D6002B931C /* MBProgressHUD.m */; };
		EC2029EA1CC8E7D6002B931C /* XCHudHelper.m in Sources */ = {isa = PBXBuildFile; fileRef = EC2029CF1CC8E7D6002B931C /* XCHudHelper.m */; };
		EC2029EB1CC8E7D6002B931C /* JYPost.m in Sources */ = {isa = PBXBuildFile; fileRef = EC2029D21CC8E7D6002B931C /* JYPost.m */; };
		EC2029EC1CC8E7D6002B931C /* JYPostData.m in Sources */ = {isa = PBXBuildFile; fileRef = EC2029D41CC8E7D6002B931C /* JYPostData.m */; };
		EC2029ED1CC8E7D6002B931C /* JYPostFilter.m in Sources */ = {isa = PBXBuildFile; fileRef = EC2029D61CC8E7D6002B931C /* JYPostFilter.m */; };
/* End PBXBuildFile section */

/* Begin PBXContainerItemProxy section */
		EC2029881CC8E73D002B931C /* PBXContainerItemProxy */ = {
			isa = PBXContainerItemProxy;
			containerPortal = EC2029661CC8E73C002B931C /* Project object */;
			proxyType = 1;
			remoteGlobalIDString = EC20296D1CC8E73C002B931C;
			remoteInfo = JYPost;
		};
		EC2029931CC8E73D002B931C /* PBXContainerItemProxy */ = {
			isa = PBXContainerItemProxy;
			containerPortal = EC2029661CC8E73C002B931C /* Project object */;
			proxyType = 1;
			remoteGlobalIDString = EC20296D1CC8E73C002B931C;
			remoteInfo = JYPost;
		};
/* End PBXContainerItemProxy section */

/* Begin PBXFileReference section */
		EC20296E1CC8E73C002B931C /* JYPost.app */ = {isa = PBXFileReference; explicitFileType = wrapper.application; includeInIndex = 0; path = JYPost.app; sourceTree = BUILT_PRODUCTS_DIR; };
		EC2029721CC8E73C002B931C /* main.m */ = {isa = PBXFileReference; lastKnownFileType = sourcecode.c.objc; path = main.m; sourceTree = "<group>"; };
		EC2029741CC8E73C002B931C /* AppDelegate.h */ = {isa = PBXFileReference; lastKnownFileType = sourcecode.c.h; path = AppDelegate.h; sourceTree = "<group>"; };
		EC2029751CC8E73C002B931C /* AppDelegate.m */ = {isa = PBXFileReference; lastKnownFileType = sourcecode.c.objc; path = AppDelegate.m; sourceTree = "<group>"; };
		EC2029771CC8E73C002B931C /* ViewController.h */ = {isa = PBXFileReference; lastKnownFileType = sourcecode.c.h; path = ViewController.h; sourceTree = "<group>"; };
		EC2029781CC8E73C002B931C /* ViewController.m */ = {isa = PBXFileReference; lastKnownFileType = sourcecode.c.objc; path = ViewController.m; sourceTree = "<group>"; };
		EC20297B1CC8E73C002B931C /* Base */ = {isa = PBXFileReference; lastKnownFileType = file.storyboard; name = Base; path = Base.lproj/Main.storyboard; sourceTree = "<group>"; };
		EC20297D1CC8E73C002B931C /* Assets.xcassets */ = {isa = PBXFileReference; lastKnownFileType = folder.assetcatalog; path = Assets.xcassets; sourceTree = "<group>"; };
		EC2029801CC8E73C002B931C /* Base */ = {isa = PBXFileReference; lastKnownFileType = file.storyboard; name = Base; path = Base.lproj/LaunchScreen.storyboard; sourceTree = "<group>"; };
		EC2029821CC8E73C002B931C /* Info.plist */ = {isa = PBXFileReference; lastKnownFileType = text.plist.xml; path = Info.plist; sourceTree = "<group>"; };
		EC2029871CC8E73D002B931C /* JYPostTests.xctest */ = {isa = PBXFileReference; explicitFileType = wrapper.cfbundle; includeInIndex = 0; path = JYPostTests.xctest; sourceTree = BUILT_PRODUCTS_DIR; };
		EC20298B1CC8E73D002B931C /* JYPostTests.m */ = {isa = PBXFileReference; lastKnownFileType = sourcecode.c.objc; path = JYPostTests.m; sourceTree = "<group>"; };
		EC20298D1CC8E73D002B931C /* Info.plist */ = {isa = PBXFileReference; lastKnownFileType = text.plist.xml; path = Info.plist; sourceTree = "<group>"; };
		EC2029921CC8E73D002B931C /* JYPostUITests.xctest */ = {isa = PBXFileReference; explicitFileType = wrapper.cfbundle; includeInIndex = 0; path = JYPostUITests.xctest; sourceTree = BUILT_PRODUCTS_DIR; };
		EC2029961CC8E73D002B931C /* JYPostUITests.m */ = {isa = PBXFileReference; lastKnownFileType = sourcecode.c.objc; path = JYPostUITests.m; sourceTree = "<group>"; };
		EC2029981CC8E73D002B931C /* Info.plist */ = {isa = PBXFileReference; lastKnownFileType = text.plist.xml; path = Info.plist; sourceTree = "<group>"; };
		EC2029A61CC8E7D6002B931C /* AFHTTPSessionManager.h */ = {isa = PBXFileReference; fileEncoding = 4; lastKnownFileType = sourcecode.c.h; path = AFHTTPSessionManager.h; sourceTree = "<group>"; };
		EC2029A71CC8E7D6002B931C /* AFHTTPSessionManager.m */ = {isa = PBXFileReference; fileEncoding = 4; lastKnownFileType = sourcecode.c.objc; path = AFHTTPSessionManager.m; sourceTree = "<group>"; };
		EC2029A81CC8E7D6002B931C /* AFNetworking.h */ = {isa = PBXFileReference; fileEncoding = 4; lastKnownFileType = sourcecode.c.h; path = AFNetworking.h; sourceTree = "<group>"; };
		EC2029A91CC8E7D6002B931C /* AFNetworkReachabilityManager.h */ = {isa = PBXFileReference; fileEncoding = 4; lastKnownFileType = sourcecode.c.h; path = AFNetworkReachabilityManager.h; sourceTree = "<group>"; };
		EC2029AA1CC8E7D6002B931C /* AFNetworkReachabilityManager.m */ = {isa = PBXFileReference; fileEncoding = 4; lastKnownFileType = sourcecode.c.objc; path = AFNetworkReachabilityManager.m; sourceTree = "<group>"; };
		EC2029AB1CC8E7D6002B931C /* AFSecurityPolicy.h */ = {isa = PBXFileReference; fileEncoding = 4; lastKnownFileType = sourcecode.c.h; path = AFSecurityPolicy.h; sourceTree = "<group>"; };
		EC2029AC1CC8E7D6002B931C /* AFSecurityPolicy.m */ = {isa = PBXFileReference; fileEncoding = 4; lastKnownFileType = sourcecode.c.objc; path = AFSecurityPolicy.m; sourceTree = "<group>"; };
		EC2029AD1CC8E7D6002B931C /* AFURLRequestSerialization.h */ = {isa = PBXFileReference; fileEncoding = 4; lastKnownFileType = sourcecode.c.h; path = AFURLRequestSerialization.h; sourceTree = "<group>"; };
		EC2029AE1CC8E7D6002B931C /* AFURLRequestSerialization.m */ = {isa = PBXFileReference; fileEncoding = 4; lastKnownFileType = sourcecode.c.objc; path = AFURLRequestSerialization.m; sourceTree = "<group>"; };
		EC2029AF1CC8E7D6002B931C /* AFURLResponseSerialization.h */ = {isa = PBXFileReference; fileEncoding = 4; lastKnownFileType = sourcecode.c.h; path = AFURLResponseSerialization.h; sourceTree = "<group>"; };
		EC2029B01CC8E7D6002B931C /* AFURLResponseSerialization.m */ = {isa = PBXFileReference; fileEncoding = 4; lastKnownFileType = sourcecode.c.objc; path = AFURLResponseSerialization.m; sourceTree = "<group>"; };
		EC2029B11CC8E7D6002B931C /* AFURLSessionManager.h */ = {isa = PBXFileReference; fileEncoding = 4; lastKnownFileType = sourcecode.c.h; path = AFURLSessionManager.h; sourceTree = "<group>"; };
		EC2029B21CC8E7D6002B931C /* AFURLSessionManager.m */ = {isa = PBXFileReference; fileEncoding = 4; lastKnownFileType = sourcecode.c.objc; path = AFURLSessionManager.m; sourceTree = "<group>"; };
		EC2029B31CC8E7D6002B931C /* LICENSE */ = {isa = PBXFileReference; fileEncoding = 4; lastKnownFileType = text; path = LICENSE; sourceTree = "<group>"; };
		EC2029B41CC8E7D6002B931C /* README.md */ = {isa = PBXFileReference; fileEncoding = 4; lastKnownFileType = net.daringfireball.markdown; path = README.md; sourceTree = "<group>"; };
		EC2029B61CC8E7D6002B931C /* AFAutoPurgingImageCache.h */ = {isa = PBXFileReference; fileEncoding = 4; lastKnownFileType = sourcecode.c.h; path = AFAutoPurgingImageCache.h; sourceTree = "<group>"; };
		EC2029B71CC8E7D6002B931C /* AFAutoPurgingImageCache.m */ = {isa = PBXFileReference; fileEncoding = 4; lastKnownFileType = sourcecode.c.objc; path = AFAutoPurgingImageCache.m; sourceTree = "<group>"; };
		EC2029B81CC8E7D6002B931C /* AFImageDownloader.h */ = {isa = PBXFileReference; fileEncoding = 4; lastKnownFileType = sourcecode.c.h; path = AFImageDownloader.h; sourceTree = "<group>"; };
		EC2029B91CC8E7D6002B931C /* AFImageDownloader.m */ = {isa = PBXFileReference; fileEncoding = 4; lastKnownFileType = sourcecode.c.objc; path = AFImageDownloader.m; sourceTree = "<group>"; };
		EC2029BA1CC8E7D6002B931C /* AFNetworkActivityIndicatorManager.h */ = {isa = PBXFileReference; fileEncoding = 4; lastKnownFileType = sourcecode.c.h; path = AFNetworkActivityIndicatorManager.h; sourceTree = "<group>"; };
		EC2029BB1CC8E7D6002B931C /* AFNetworkActivityIndicatorManager.m */ = {isa = PBXFileReference; fileEncoding = 4; lastKnownFileType = sourcecode.c.objc; path = AFNetworkActivityIndicatorManager.m; sourceTree = "<group>"; };
		EC2029BC1CC8E7D6002B931C /* UIActivityIndicatorView+AFNetworking.h */ = {isa = PBXFileReference; fileEncoding = 4; lastKnownFileType = sourcecode.c.h; path = "UIActivityIndicatorView+AFNetworking.h"; sourceTree = "<group>"; };
		EC2029BD1CC8E7D6002B931C /* UIActivityIndicatorView+AFNetworking.m */ = {isa = PBXFileReference; fileEncoding = 4; lastKnownFileType = sourcecode.c.objc; path = "UIActivityIndicatorView+AFNetworking.m"; sourceTree = "<group>"; };
		EC2029BE1CC8E7D6002B931C /* UIButton+AFNetworking.h */ = {isa = PBXFileReference; fileEncoding = 4; lastKnownFileType = sourcecode.c.h; path = "UIButton+AFNetworking.h"; sourceTree = "<group>"; };
		EC2029BF1CC8E7D6002B931C /* UIButton+AFNetworking.m */ = {isa = PBXFileReference; fileEncoding = 4; lastKnownFileType = sourcecode.c.objc; path = "UIButton+AFNetworking.m"; sourceTree = "<group>"; };
		EC2029C01CC8E7D6002B931C /* UIImage+AFNetworking.h */ = {isa = PBXFileReference; fileEncoding = 4; lastKnownFileType = sourcecode.c.h; path = "UIImage+AFNetworking.h"; sourceTree = "<group>"; };
		EC2029C11CC8E7D6002B931C /* UIImageView+AFNetworking.h */ = {isa = PBXFileReference; fileEncoding = 4; lastKnownFileType = sourcecode.c.h; path = "UIImageView+AFNetworking.h"; sourceTree = "<group>"; };
		EC2029C21CC8E7D6002B931C /* UIImageView+AFNetworking.m */ = {isa = PBXFileReference; fileEncoding = 4; lastKnownFileType = sourcecode.c.objc; path = "UIImageView+AFNetworking.m"; sourceTree = "<group>"; };
		EC2029C31CC8E7D6002B931C /* UIKit+AFNetworking.h */ = {isa = PBXFileReference; fileEncoding = 4; lastKnownFileType = sourcecode.c.h; path = "UIKit+AFNetworking.h"; sourceTree = "<group>"; };
		EC2029C41CC8E7D6002B931C /* UIProgressView+AFNetworking.h */ = {isa = PBXFileReference; fileEncoding = 4; lastKnownFileType = sourcecode.c.h; path = "UIProgressView+AFNetworking.h"; sourceTree = "<group>"; };
		EC2029C51CC8E7D6002B931C /* UIProgressView+AFNetworking.m */ = {isa = PBXFileReference; fileEncoding = 4; lastKnownFileType = sourcecode.c.objc; path = "UIProgressView+AFNetworking.m"; sourceTree = "<group>"; };
		EC2029C61CC8E7D6002B931C /* UIRefreshControl+AFNetworking.h */ = {isa = PBXFileReference; fileEncoding = 4; lastKnownFileType = sourcecode.c.h; path = "UIRefreshControl+AFNetworking.h"; sourceTree = "<group>"; };
		EC2029C71CC8E7D6002B931C /* UIRefreshControl+AFNetworking.m */ = {isa = PBXFileReference; fileEncoding = 4; lastKnownFileType = sourcecode.c.objc; path = "UIRefreshControl+AFNetworking.m"; sourceTree = "<group>"; };
		EC2029C81CC8E7D6002B931C /* UIWebView+AFNetworking.h */ = {isa = PBXFileReference; fileEncoding = 4; lastKnownFileType = sourcecode.c.h; path = "UIWebView+AFNetworking.h"; sourceTree = "<group>"; };
		EC2029C91CC8E7D6002B931C /* UIWebView+AFNetworking.m */ = {isa = PBXFileReference; fileEncoding = 4; lastKnownFileType = sourcecode.c.objc; path = "UIWebView+AFNetworking.m"; sourceTree = "<group>"; };
		EC2029CB1CC8E7D6002B931C /* MBProgressHUD.bundle */ = {isa = PBXFileReference; lastKnownFileType = "wrapper.plug-in"; path = MBProgressHUD.bundle; sourceTree = "<group>"; };
		EC2029CC1CC8E7D6002B931C /* MBProgressHUD.h */ = {isa = PBXFileReference; fileEncoding = 4; lastKnownFileType = sourcecode.c.h; path = MBProgressHUD.h; sourceTree = "<group>"; };
		EC2029CD1CC8E7D6002B931C /* MBProgressHUD.m */ = {isa = PBXFileReference; fileEncoding = 4; lastKnownFileType = sourcecode.c.objc; path = MBProgressHUD.m; sourceTree = "<group>"; };
		EC2029CE1CC8E7D6002B931C /* XCHudHelper.h */ = {isa = PBXFileReference; fileEncoding = 4; lastKnownFileType = sourcecode.c.h; path = XCHudHelper.h; sourceTree = "<group>"; };
		EC2029CF1CC8E7D6002B931C /* XCHudHelper.m */ = {isa = PBXFileReference; fileEncoding = 4; lastKnownFileType = sourcecode.c.objc; path = XCHudHelper.m; sourceTree = "<group>"; };
		EC2029D11CC8E7D6002B931C /* JYPost.h */ = {isa = PBXFileReference; fileEncoding = 4; lastKnownFileType = sourcecode.c.h; path = JYPost.h; sourceTree = "<group>"; };
		EC2029D21CC8E7D6002B931C /* JYPost.m */ = {isa = PBXFileReference; fileEncoding = 4; lastKnownFileType = sourcecode.c.objc; path = JYPost.m; sourceTree = "<group>"; };
		EC2029D31CC8E7D6002B931C /* JYPostData.h */ = {isa = PBXFileReference; fileEncoding = 4; lastKnownFileType = sourcecode.c.h; path = JYPostData.h; sourceTree = "<group>"; };
		EC2029D41CC8E7D6002B931C /* JYPostData.m */ = {isa = PBXFileReference; fileEncoding = 4; lastKnownFileType = sourcecode.c.objc; path = JYPostData.m; sourceTree = "<group>"; };
		EC2029D51CC8E7D6002B931C /* JYPostFilter.h */ = {isa = PBXFileReference; fileEncoding = 4; lastKnownFileType = sourcecode.c.h; path = JYPostFilter.h; sourceTree = "<group>"; };
		EC2029D61CC8E7D6002B931C /* JYPostFilter.m */ = {isa = PBXFileReference; fileEncoding = 4; lastKnownFileType = sourcecode.c.objc; path = JYPostFilter.m; sourceTree = "<group>"; };
/* End PBXFileReference section */

/* Begin PBXFrameworksBuildPhase section */
		EC20296B1CC8E73C002B931C /* Frameworks */ = {
			isa = PBXFrameworksBuildPhase;
			buildActionMask = 2147483647;
			files = (
			);
			runOnlyForDeploymentPostprocessing = 0;
		};
		EC2029841CC8E73D002B931C /* Frameworks */ = {
			isa = PBXFrameworksBuildPhase;
			buildActionMask = 2147483647;
			files = (
			);
			runOnlyForDeploymentPostprocessing = 0;
		};
		EC20298F1CC8E73D002B931C /* Frameworks */ = {
			isa = PBXFrameworksBuildPhase;
			buildActionMask = 2147483647;
			files = (
			);
			runOnlyForDeploymentPostprocessing = 0;
		};
/* End PBXFrameworksBuildPhase section */

/* Begin PBXGroup section */
		EC2029651CC8E73C002B931C = {
			isa = PBXGroup;
			children = (
				EC2029701CC8E73C002B931C /* JYPost */,
				EC20298A1CC8E73D002B931C /* JYPostTests */,
				EC2029951CC8E73D002B931C /* JYPostUITests */,
				EC20296F1CC8E73C002B931C /* Products */,
			);
			sourceTree = "<group>";
		};
		EC20296F1CC8E73C002B931C /* Products */ = {
			isa = PBXGroup;
			children = (
				EC20296E1CC8E73C002B931C /* JYPost.app */,
				EC2029871CC8E73D002B931C /* JYPostTests.xctest */,
				EC2029921CC8E73D002B931C /* JYPostUITests.xctest */,
			);
			name = Products;
			sourceTree = "<group>";
		};
		EC2029701CC8E73C002B931C /* JYPost */ = {
			isa = PBXGroup;
			children = (
				EC2029A41CC8E7D6002B931C /* AFNetworking */,
				EC2029CA1CC8E7D6002B931C /* HUD */,
				EC2029D01CC8E7D6002B931C /* JY */,
				EC2029741CC8E73C002B931C /* AppDelegate.h */,
				EC2029751CC8E73C002B931C /* AppDelegate.m */,
				EC2029771CC8E73C002B931C /* ViewController.h */,
				EC2029781CC8E73C002B931C /* ViewController.m */,
				EC20297A1CC8E73C002B931C /* Main.storyboard */,
				EC20297D1CC8E73C002B931C /* Assets.xcassets */,
				EC20297F1CC8E73C002B931C /* LaunchScreen.storyboard */,
				EC2029821CC8E73C002B931C /* Info.plist */,
				EC2029711CC8E73C002B931C /* Supporting Files */,
			);
			path = JYPost;
			sourceTree = "<group>";
		};
		EC2029711CC8E73C002B931C /* Supporting Files */ = {
			isa = PBXGroup;
			children = (
				EC2029721CC8E73C002B931C /* main.m */,
			);
			name = "Supporting Files";
			sourceTree = "<group>";
		};
		EC20298A1CC8E73D002B931C /* JYPostTests */ = {
			isa = PBXGroup;
			children = (
				EC20298B1CC8E73D002B931C /* JYPostTests.m */,
				EC20298D1CC8E73D002B931C /* Info.plist */,
			);
			path = JYPostTests;
			sourceTree = "<group>";
		};
		EC2029951CC8E73D002B931C /* JYPostUITests */ = {
			isa = PBXGroup;
			children = (
				EC2029961CC8E73D002B931C /* JYPostUITests.m */,
				EC2029981CC8E73D002B931C /* Info.plist */,
			);
			path = JYPostUITests;
			sourceTree = "<group>";
		};
		EC2029A41CC8E7D6002B931C /* AFNetworking */ = {
			isa = PBXGroup;
			children = (
				EC2029A51CC8E7D6002B931C /* AFNetworking */,
				EC2029B31CC8E7D6002B931C /* LICENSE */,
				EC2029B41CC8E7D6002B931C /* README.md */,
				EC2029B51CC8E7D6002B931C /* UIKit+AFNetworking */,
			);
			path = AFNetworking;
			sourceTree = SOURCE_ROOT;
		};
		EC2029A51CC8E7D6002B931C /* AFNetworking */ = {
			isa = PBXGroup;
			children = (
				EC2029A61CC8E7D6002B931C /* AFHTTPSessionManager.h */,
				EC2029A71CC8E7D6002B931C /* AFHTTPSessionManager.m */,
				EC2029A81CC8E7D6002B931C /* AFNetworking.h */,
				EC2029A91CC8E7D6002B931C /* AFNetworkReachabilityManager.h */,
				EC2029AA1CC8E7D6002B931C /* AFNetworkReachabilityManager.m */,
				EC2029AB1CC8E7D6002B931C /* AFSecurityPolicy.h */,
				EC2029AC1CC8E7D6002B931C /* AFSecurityPolicy.m */,
				EC2029AD1CC8E7D6002B931C /* AFURLRequestSerialization.h */,
				EC2029AE1CC8E7D6002B931C /* AFURLRequestSerialization.m */,
				EC2029AF1CC8E7D6002B931C /* AFURLResponseSerialization.h */,
				EC2029B01CC8E7D6002B931C /* AFURLResponseSerialization.m */,
				EC2029B11CC8E7D6002B931C /* AFURLSessionManager.h */,
				EC2029B21CC8E7D6002B931C /* AFURLSessionManager.m */,
			);
			path = AFNetworking;
			sourceTree = "<group>";
		};
		EC2029B51CC8E7D6002B931C /* UIKit+AFNetworking */ = {
			isa = PBXGroup;
			children = (
				EC2029B61CC8E7D6002B931C /* AFAutoPurgingImageCache.h */,
				EC2029B71CC8E7D6002B931C /* AFAutoPurgingImageCache.m */,
				EC2029B81CC8E7D6002B931C /* AFImageDownloader.h */,
				EC2029B91CC8E7D6002B931C /* AFImageDownloader.m */,
				EC2029BA1CC8E7D6002B931C /* AFNetworkActivityIndicatorManager.h */,
				EC2029BB1CC8E7D6002B931C /* AFNetworkActivityIndicatorManager.m */,
				EC2029BC1CC8E7D6002B931C /* UIActivityIndicatorView+AFNetworking.h */,
				EC2029BD1CC8E7D6002B931C /* UIActivityIndicatorView+AFNetworking.m */,
				EC2029BE1CC8E7D6002B931C /* UIButton+AFNetworking.h */,
				EC2029BF1CC8E7D6002B931C /* UIButton+AFNetworking.m */,
				EC2029C01CC8E7D6002B931C /* UIImage+AFNetworking.h */,
				EC2029C11CC8E7D6002B931C /* UIImageView+AFNetworking.h */,
				EC2029C21CC8E7D6002B931C /* UIImageView+AFNetworking.m */,
				EC2029C31CC8E7D6002B931C /* UIKit+AFNetworking.h */,
				EC2029C41CC8E7D6002B931C /* UIProgressView+AFNetworking.h */,
				EC2029C51CC8E7D6002B931C /* UIProgressView+AFNetworking.m */,
				EC2029C61CC8E7D6002B931C /* UIRefreshControl+AFNetworking.h */,
				EC2029C71CC8E7D6002B931C /* UIRefreshControl+AFNetworking.m */,
				EC2029C81CC8E7D6002B931C /* UIWebView+AFNetworking.h */,
				EC2029C91CC8E7D6002B931C /* UIWebView+AFNetworking.m */,
			);
			path = "UIKit+AFNetworking";
			sourceTree = "<group>";
		};
		EC2029CA1CC8E7D6002B931C /* HUD */ = {
			isa = PBXGroup;
			children = (
				EC2029CB1CC8E7D6002B931C /* MBProgressHUD.bundle */,
				EC2029CC1CC8E7D6002B931C /* MBProgressHUD.h */,
				EC2029CD1CC8E7D6002B931C /* MBProgressHUD.m */,
				EC2029CE1CC8E7D6002B931C /* XCHudHelper.h */,
				EC2029CF1CC8E7D6002B931C /* XCHudHelper.m */,
			);
			path = HUD;
			sourceTree = SOURCE_ROOT;
		};
		EC2029D01CC8E7D6002B931C /* JY */ = {
			isa = PBXGroup;
			children = (
				EC2029D11CC8E7D6002B931C /* JYPost.h */,
				EC2029D21CC8E7D6002B931C /* JYPost.m */,
				EC2029D31CC8E7D6002B931C /* JYPostData.h */,
				EC2029D41CC8E7D6002B931C /* JYPostData.m */,
				EC2029D51CC8E7D6002B931C /* JYPostFilter.h */,
				EC2029D61CC8E7D6002B931C /* JYPostFilter.m */,
			);
			path = JY;
			sourceTree = SOURCE_ROOT;
		};
/* End PBXGroup section */

/* Begin PBXNativeTarget section */
		EC20296D1CC8E73C002B931C /* JYPost */ = {
			isa = PBXNativeTarget;
			buildConfigurationList = EC20299B1CC8E73D002B931C /* Build configuration list for PBXNativeTarget "JYPost" */;
			buildPhases = (
				EC20296A1CC8E73C002B931C /* Sources */,
				EC20296B1CC8E73C002B931C /* Frameworks */,
				EC20296C1CC8E73C002B931C /* Resources */,
			);
			buildRules = (
			);
			dependencies = (
			);
			name = JYPost;
			productName = JYPost;
			productReference = EC20296E1CC8E73C002B931C /* JYPost.app */;
			productType = "com.apple.product-type.application";
		};
		EC2029861CC8E73D002B931C /* JYPostTests */ = {
			isa = PBXNativeTarget;
			buildConfigurationList = EC20299E1CC8E73D002B931C /* Build configuration list for PBXNativeTarget "JYPostTests" */;
			buildPhases = (
				EC2029831CC8E73D002B931C /* Sources */,
				EC2029841CC8E73D002B931C /* Frameworks */,
				EC2029851CC8E73D002B931C /* Resources */,
			);
			buildRules = (
			);
			dependencies = (
				EC2029891CC8E73D002B931C /* PBXTargetDependency */,
			);
			name = JYPostTests;
			productName = JYPostTests;
			productReference = EC2029871CC8E73D002B931C /* JYPostTests.xctest */;
			productType = "com.apple.product-type.bundle.unit-test";
		};
		EC2029911CC8E73D002B931C /* JYPostUITests */ = {
			isa = PBXNativeTarget;
			buildConfigurationList = EC2029A11CC8E73D002B931C /* Build configuration list for PBXNativeTarget "JYPostUITests" */;
			buildPhases = (
				EC20298E1CC8E73D002B931C /* Sources */,
				EC20298F1CC8E73D002B931C /* Frameworks */,
				EC2029901CC8E73D002B931C /* Resources */,
			);
			buildRules = (
			);
			dependencies = (
				EC2029941CC8E73D002B931C /* PBXTargetDependency */,
			);
			name = JYPostUITests;
			productName = JYPostUITests;
			productReference = EC2029921CC8E73D002B931C /* JYPostUITests.xctest */;
			productType = "com.apple.product-type.bundle.ui-testing";
		};
/* End PBXNativeTarget section */

/* Begin PBXProject section */
		EC2029661CC8E73C002B931C /* Project object */ = {
			isa = PBXProject;
			attributes = {
				LastUpgradeCheck = 0730;
				ORGANIZATIONNAME = Gary;
				TargetAttributes = {
					EC20296D1CC8E73C002B931C = {
						CreatedOnToolsVersion = 7.3;
					};
					EC2029861CC8E73D002B931C = {
						CreatedOnToolsVersion = 7.3;
						TestTargetID = EC20296D1CC8E73C002B931C;
					};
					EC2029911CC8E73D002B931C = {
						CreatedOnToolsVersion = 7.3;
						TestTargetID = EC20296D1CC8E73C002B931C;
					};
				};
			};
			buildConfigurationList = EC2029691CC8E73C002B931C /* Build configuration list for PBXProject "JYPost" */;
			compatibilityVersion = "Xcode 3.2";
			developmentRegion = English;
			hasScannedForEncodings = 0;
			knownRegions = (
				en,
				Base,
			);
			mainGroup = EC2029651CC8E73C002B931C;
			productRefGroup = EC20296F1CC8E73C002B931C /* Products */;
			projectDirPath = "";
			projectRoot = "";
			targets = (
				EC20296D1CC8E73C002B931C /* JYPost */,
				EC2029861CC8E73D002B931C /* JYPostTests */,
				EC2029911CC8E73D002B931C /* JYPostUITests */,
			);
		};
/* End PBXProject section */

/* Begin PBXResourcesBuildPhase section */
		EC20296C1CC8E73C002B931C /* Resources */ = {
			isa = PBXResourcesBuildPhase;
			buildActionMask = 2147483647;
			files = (
				EC2029811CC8E73C002B931C /* LaunchScreen.storyboard in Resources */,
				EC20297E1CC8E73C002B931C /* Assets.xcassets in Resources */,
				EC2029E81CC8E7D6002B931C /* MBProgressHUD.bundle in Resources */,
				EC2029DD1CC8E7D6002B931C /* LICENSE in Resources */,
				EC20297C1CC8E73C002B931C /* Main.storyboard in Resources */,
			);
			runOnlyForDeploymentPostprocessing = 0;
		};
		EC2029851CC8E73D002B931C /* Resources */ = {
			isa = PBXResourcesBuildPhase;
			buildActionMask = 2147483647;
			files = (
			);
			runOnlyForDeploymentPostprocessing = 0;
		};
		EC2029901CC8E73D002B931C /* Resources */ = {
			isa = PBXResourcesBuildPhase;
			buildActionMask = 2147483647;
			files = (
			);
			runOnlyForDeploymentPostprocessing = 0;
		};
/* End PBXResourcesBuildPhase section */

/* Begin PBXSourcesBuildPhase section */
		EC20296A1CC8E73C002B931C /* Sources */ = {
			isa = PBXSourcesBuildPhase;
			buildActionMask = 2147483647;
			files = (
				EC2029ED1CC8E7D6002B931C /* JYPostFilter.m in Sources */,
				EC2029DC1CC8E7D6002B931C /* AFURLSessionManager.m in Sources */,
				EC2029791CC8E73C002B931C /* ViewController.m in Sources */,
				EC2029EC1CC8E7D6002B931C /* JYPostData.m in Sources */,
				EC2029DE1CC8E7D6002B931C /* README.md in Sources */,
				EC2029761CC8E73C002B931C /* AppDelegate.m in Sources */,
				EC2029D81CC8E7D6002B931C /* AFNetworkReachabilityManager.m in Sources */,
				EC2029731CC8E73C002B931C /* main.m in Sources */,
				EC2029EB1CC8E7D6002B931C /* JYPost.m in Sources */,
				EC2029E21CC8E7D6002B931C /* UIActivityIndicatorView+AFNetworking.m in Sources */,
				EC2029E91CC8E7D6002B931C /* MBProgressHUD.m in Sources */,
				EC2029D91CC8E7D6002B931C /* AFSecurityPolicy.m in Sources */,
				EC2029E51CC8E7D6002B931C /* UIProgressView+AFNetworking.m in Sources */,
				EC2029DA1CC8E7D6002B931C /* AFURLRequestSerialization.m in Sources */,
				EC2029DB1CC8E7D6002B931C /* AFURLResponseSerialization.m in Sources */,
				EC2029E11CC8E7D6002B931C /* AFNetworkActivityIndicatorManager.m in Sources */,
				EC2029E41CC8E7D6002B931C /* UIImageView+AFNetworking.m in Sources */,
				EC2029E31CC8E7D6002B931C /* UIButton+AFNetworking.m in Sources */,
				EC2029E61CC8E7D6002B931C /* UIRefreshControl+AFNetworking.m in Sources */,
				EC2029E71CC8E7D6002B931C /* UIWebView+AFNetworking.m in Sources */,
				EC2029D71CC8E7D6002B931C /* AFHTTPSessionManager.m in Sources */,
				EC2029DF1CC8E7D6002B931C /* AFAutoPurgingImageCache.m in Sources */,
				EC2029E01CC8E7D6002B931C /* AFImageDownloader.m in Sources */,
				EC2029EA1CC8E7D6002B931C /* XCHudHelper.m in Sources */,
			);
			runOnlyForDeploymentPostprocessing = 0;
		};
		EC2029831CC8E73D002B931C /* Sources */ = {
			isa = PBXSourcesBuildPhase;
			buildActionMask = 2147483647;
			files = (
				EC20298C1CC8E73D002B931C /* JYPostTests.m in Sources */,
			);
			runOnlyForDeploymentPostprocessing = 0;
		};
		EC20298E1CC8E73D002B931C /* Sources */ = {
			isa = PBXSourcesBuildPhase;
			buildActionMask = 2147483647;
			files = (
				EC2029971CC8E73D002B931C /* JYPostUITests.m in Sources */,
			);
			runOnlyForDeploymentPostprocessing = 0;
		};
/* End PBXSourcesBuildPhase section */

/* Begin PBXTargetDependency section */
		EC2029891CC8E73D002B931C /* PBXTargetDependency */ = {
			isa = PBXTargetDependency;
			target = EC20296D1CC8E73C002B931C /* JYPost */;
			targetProxy = EC2029881CC8E73D002B931C /* PBXContainerItemProxy */;
		};
		EC2029941CC8E73D002B931C /* PBXTargetDependency */ = {
			isa = PBXTargetDependency;
			target = EC20296D1CC8E73C002B931C /* JYPost */;
			targetProxy = EC2029931CC8E73D002B931C /* PBXContainerItemProxy */;
		};
/* End PBXTargetDependency section */

/* Begin PBXVariantGroup section */
		EC20297A1CC8E73C002B931C /* Main.storyboard */ = {
			isa = PBXVariantGroup;
			children = (
				EC20297B1CC8E73C002B931C /* Base */,
			);
			name = Main.storyboard;
			sourceTree = "<group>";
		};
		EC20297F1CC8E73C002B931C /* LaunchScreen.storyboard */ = {
			isa = PBXVariantGroup;
			children = (
				EC2029801CC8E73C002B931C /* Base */,
			);
			name = LaunchScreen.storyboard;
			sourceTree = "<group>";
		};
/* End PBXVariantGroup section */

/* Begin XCBuildConfiguration section */
		EC2029991CC8E73D002B931C /* Debug */ = {
			isa = XCBuildConfiguration;
			buildSettings = {
				ALWAYS_SEARCH_USER_PATHS = NO;
				CLANG_ANALYZER_NONNULL = YES;
				CLANG_CXX_LANGUAGE_STANDARD = "gnu++0x";
				CLANG_CXX_LIBRARY = "libc++";
				CLANG_ENABLE_MODULES = YES;
				CLANG_ENABLE_OBJC_ARC = YES;
				CLANG_WARN_BOOL_CONVERSION = YES;
				CLANG_WARN_CONSTANT_CONVERSION = YES;
				CLANG_WARN_DIRECT_OBJC_ISA_USAGE = YES_ERROR;
				CLANG_WARN_EMPTY_BODY = YES;
				CLANG_WARN_ENUM_CONVERSION = YES;
				CLANG_WARN_INT_CONVERSION = YES;
				CLANG_WARN_OBJC_ROOT_CLASS = YES_ERROR;
				CLANG_WARN_UNREACHABLE_CODE = YES;
				CLANG_WARN__DUPLICATE_METHOD_MATCH = YES;
				"CODE_SIGN_IDENTITY[sdk=iphoneos*]" = "iPhone Developer";
				COPY_PHASE_STRIP = NO;
				DEBUG_INFORMATION_FORMAT = dwarf;
				ENABLE_STRICT_OBJC_MSGSEND = YES;
				ENABLE_TESTABILITY = YES;
				GCC_C_LANGUAGE_STANDARD = gnu99;
				GCC_DYNAMIC_NO_PIC = NO;
				GCC_NO_COMMON_BLOCKS = YES;
				GCC_OPTIMIZATION_LEVEL = 0;
				GCC_PREPROCESSOR_DEFINITIONS = (
					"DEBUG=1",
					"$(inherited)",
				);
				GCC_WARN_64_TO_32_BIT_CONVERSION = YES;
				GCC_WARN_ABOUT_RETURN_TYPE = YES_ERROR;
				GCC_WARN_UNDECLARED_SELECTOR = YES;
				GCC_WARN_UNINITIALIZED_AUTOS = YES_AGGRESSIVE;
				GCC_WARN_UNUSED_FUNCTION = YES;
				GCC_WARN_UNUSED_VARIABLE = YES;
				IPHONEOS_DEPLOYMENT_TARGET = 9.3;
				MTL_ENABLE_DEBUG_INFO = YES;
				ONLY_ACTIVE_ARCH = YES;
				SDKROOT = iphoneos;
				TARGETED_DEVICE_FAMILY = "1,2";
			};
			name = Debug;
		};
		EC20299A1CC8E73D002B931C /* Release */ = {
			isa = XCBuildConfiguration;
			buildSettings = {
				ALWAYS_SEARCH_USER_PATHS = NO;
				CLANG_ANALYZER_NONNULL = YES;
				CLANG_CXX_LANGUAGE_STANDARD = "gnu++0x";
				CLANG_CXX_LIBRARY = "libc++";
				CLANG_ENABLE_MODULES = YES;
				CLANG_ENABLE_OBJC_ARC = YES;
				CLANG_WARN_BOOL_CONVERSION = YES;
				CLANG_WARN_CONSTANT_CONVERSION = YES;
				CLANG_WARN_DIRECT_OBJC_ISA_USAGE = YES_ERROR;
				CLANG_WARN_EMPTY_BODY = YES;
				CLANG_WARN_ENUM_CONVERSION = YES;
				CLANG_WARN_INT_CONVERSION = YES;
				CLANG_WARN_OBJC_ROOT_CLASS = YES_ERROR;
				CLANG_WARN_UNREACHABLE_CODE = YES;
				CLANG_WARN__DUPLICATE_METHOD_MATCH = YES;
				"CODE_SIGN_IDENTITY[sdk=iphoneos*]" = "iPhone Developer";
				COPY_PHASE_STRIP = NO;
				DEBUG_INFORMATION_FORMAT = "dwarf-with-dsym";
				ENABLE_NS_ASSERTIONS = NO;
				ENABLE_STRICT_OBJC_MSGSEND = YES;
				GCC_C_LANGUAGE_STANDARD = gnu99;
				GCC_NO_COMMON_BLOCKS = YES;
				GCC_WARN_64_TO_32_BIT_CONVERSION = YES;
				GCC_WARN_ABOUT_RETURN_TYPE = YES_ERROR;
				GCC_WARN_UNDECLARED_SELECTOR = YES;
				GCC_WARN_UNINITIALIZED_AUTOS = YES_AGGRESSIVE;
				GCC_WARN_UNUSED_FUNCTION = YES;
				GCC_WARN_UNUSED_VARIABLE = YES;
				IPHONEOS_DEPLOYMENT_TARGET = 9.3;
				MTL_ENABLE_DEBUG_INFO = NO;
				SDKROOT = iphoneos;
				TARGETED_DEVICE_FAMILY = "1,2";
				VALIDATE_PRODUCT = YES;
			};
			name = Release;
		};
		EC20299C1CC8E73D002B931C /* Debug */ = {
			isa = XCBuildConfiguration;
			buildSettings = {
				ASSETCATALOG_COMPILER_APPICON_NAME = AppIcon;
				INFOPLIST_FILE = JYPost/Info.plist;
				LD_RUNPATH_SEARCH_PATHS = "$(inherited) @executable_path/Frameworks";
				PRODUCT_BUNDLE_IDENTIFIER = "com.cosmolove.love-ios.JYPost";
				PRODUCT_NAME = "$(TARGET_NAME)";
			};
			name = Debug;
		};
		EC20299D1CC8E73D002B931C /* Release */ = {
			isa = XCBuildConfiguration;
			buildSettings = {
				ASSETCATALOG_COMPILER_APPICON_NAME = AppIcon;
				INFOPLIST_FILE = JYPost/Info.plist;
				LD_RUNPATH_SEARCH_PATHS = "$(inherited) @executable_path/Frameworks";
				PRODUCT_BUNDLE_IDENTIFIER = "com.cosmolove.love-ios.JYPost";
				PRODUCT_NAME = "$(TARGET_NAME)";
			};
			name = Release;
		};
		EC20299F1CC8E73D002B931C /* Debug */ = {
			isa = XCBuildConfiguration;
			buildSettings = {
				BUNDLE_LOADER = "$(TEST_HOST)";
				INFOPLIST_FILE = JYPostTests/Info.plist;
				LD_RUNPATH_SEARCH_PATHS = "$(inherited) @executable_path/Frameworks @loader_path/Frameworks";
				PRODUCT_BUNDLE_IDENTIFIER = "com.cosmolove.love-ios.JYPostTests";
				PRODUCT_NAME = "$(TARGET_NAME)";
				TEST_HOST = "$(BUILT_PRODUCTS_DIR)/JYPost.app/JYPost";
			};
			name = Debug;
		};
		EC2029A01CC8E73D002B931C /* Release */ = {
			isa = XCBuildConfiguration;
			buildSettings = {
				BUNDLE_LOADER = "$(TEST_HOST)";
				INFOPLIST_FILE = JYPostTests/Info.plist;
				LD_RUNPATH_SEARCH_PATHS = "$(inherited) @executable_path/Frameworks @loader_path/Frameworks";
				PRODUCT_BUNDLE_IDENTIFIER = "com.cosmolove.love-ios.JYPostTests";
				PRODUCT_NAME = "$(TARGET_NAME)";
				TEST_HOST = "$(BUILT_PRODUCTS_DIR)/JYPost.app/JYPost";
			};
			name = Release;
		};
		EC2029A21CC8E73D002B931C /* Debug */ = {
			isa = XCBuildConfiguration;
			buildSettings = {
				INFOPLIST_FILE = JYPostUITests/Info.plist;
				LD_RUNPATH_SEARCH_PATHS = "$(inherited) @executable_path/Frameworks @loader_path/Frameworks";
				PRODUCT_BUNDLE_IDENTIFIER = "com.cosmolove.love-ios.JYPostUITests";
				PRODUCT_NAME = "$(TARGET_NAME)";
				TEST_TARGET_NAME = JYPost;
			};
			name = Debug;
		};
		EC2029A31CC8E73D002B931C /* Release */ = {
			isa = XCBuildConfiguration;
			buildSettings = {
				INFOPLIST_FILE = JYPostUITests/Info.plist;
				LD_RUNPATH_SEARCH_PATHS = "$(inherited) @executable_path/Frameworks @loader_path/Frameworks";
				PRODUCT_BUNDLE_IDENTIFIER = "com.cosmolove.love-ios.JYPostUITests";
				PRODUCT_NAME = "$(TARGET_NAME)";
				TEST_TARGET_NAME = JYPost;
			};
			name = Release;
		};
/* End XCBuildConfiguration section */

/* Begin XCConfigurationList section */
		EC2029691CC8E73C002B931C /* Build configuration list for PBXProject "JYPost" */ = {
			isa = XCConfigurationList;
			buildConfigurations = (
				EC2029991CC8E73D002B931C /* Debug */,
				EC20299A1CC8E73D002B931C /* Release */,
			);
			defaultConfigurationIsVisible = 0;
			defaultConfigurationName = Release;
		};
		EC20299B1CC8E73D002B931C /* Build configuration list for PBXNativeTarget "JYPost" */ = {
			isa = XCConfigurationList;
			buildConfigurations = (
				EC20299C1CC8E73D002B931C /* Debug */,
				EC20299D1CC8E73D002B931C /* Release */,
			);
			defaultConfigurationIsVisible = 0;
		};
		EC20299E1CC8E73D002B931C /* Build configuration list for PBXNativeTarget "JYPostTests" */ = {
			isa = XCConfigurationList;
			buildConfigurations = (
				EC20299F1CC8E73D002B931C /* Debug */,
				EC2029A01CC8E73D002B931C /* Release */,
			);
			defaultConfigurationIsVisible = 0;
		};
		EC2029A11CC8E73D002B931C /* Build configuration list for PBXNativeTarget "JYPostUITests" */ = {
			isa = XCConfigurationList;
			buildConfigurations = (
				EC2029A21CC8E73D002B931C /* Debug */,
				EC2029A31CC8E73D002B931C /* Release */,
			);
			defaultConfigurationIsVisible = 0;
		};
/* End XCConfigurationList section */
	};
	rootObject = EC2029661CC8E73C002B931C /* Project object */;
}
